<?xml version="1.0" encoding="utf-8"?>
<Project ToolsVersion="4.0" xmlns="http://schemas.microsoft.com/developer/msbuild/2003">
  <ItemGroup>
    <Filter Include="Source Files">
      <UniqueIdentifier>{4FC737F1-C7A5-4376-A066-2A32D752A2FF}</UniqueIdentifier>
      <Extensions>cpp;c;cc;cxx;def;odl;idl;hpj;bat;asm;asmx</Extensions>
    </Filter>
    <Filter Include="Header Files">
      <UniqueIdentifier>{93995380-89BD-4b04-88EB-625FBE52EBFB}</UniqueIdentifier>
      <Extensions>h;hh;hpp;hxx;hm;inl;inc;xsd</Extensions>
    </Filter>
    <Filter Include="Resource Files">
      <UniqueIdentifier>{67DA6AB6-F800-4c08-8B7A-83BB121AAD01}</UniqueIdentifier>
      <Extensions>rc;ico;cur;bmp;dlg;rc2;rct;bin;rgs;gif;jpg;jpeg;jpe;resx;tiff;tif;png;wav</Extensions>
    </Filter>
  </ItemGroup>
  <ItemGroup>
    <ClInclude Include="examples\clipping\clipping-item-factory.h">
      <Filter>Header Files</Filter>
    </ClInclude>
    <ClInclude Include="examples\clipping\item-view-orientation-constraint.h">
      <Filter>Header Files</Filter>
    </ClInclude>
    <ClInclude Include="examples\contact-cards\clipped-image.h">
      <Filter>Header Files</Filter>
    </ClInclude>
    <ClInclude Include="examples\contact-cards\contact-card-layout-info.h">
      <Filter>Header Files</Filter>
    </ClInclude>
    <ClInclude Include="examples\contact-cards\contact-card-layouter.h">
      <Filter>Header Files</Filter>
    </ClInclude>
    <ClInclude Include="examples\contact-cards\contact-card.h">
      <Filter>Header Files</Filter>
    </ClInclude>
    <ClInclude Include="examples\contact-cards\contact-data.h">
      <Filter>Header Files</Filter>
    </ClInclude>
    <ClInclude Include="examples\fpp-game\fpp-game-tutorial-controller.h">
      <Filter>Header Files</Filter>
    </ClInclude>
    <ClInclude Include="examples\fpp-game\game-camera.h">
      <Filter>Header Files</Filter>
    </ClInclude>
    <ClInclude Include="examples\fpp-game\game-container.h">
      <Filter>Header Files</Filter>
    </ClInclude>
    <ClInclude Include="examples\fpp-game\game-entity.h">
      <Filter>Header Files</Filter>
    </ClInclude>
    <ClInclude Include="examples\fpp-game\game-model.h">
      <Filter>Header Files</Filter>
    </ClInclude>
    <ClInclude Include="examples\fpp-game\game-renderer.h">
      <Filter>Header Files</Filter>
    </ClInclude>
    <ClInclude Include="examples\fpp-game\game-scene.h">
      <Filter>Header Files</Filter>
    </ClInclude>
    <ClInclude Include="examples\fpp-game\game-texture.h">
      <Filter>Header Files</Filter>
    </ClInclude>
    <ClInclude Include="examples\fpp-game\game-utils.h">
      <Filter>Header Files</Filter>
    </ClInclude>
    <ClInclude Include="examples\fpp-game\third-party\picojson.h">
      <Filter>Header Files</Filter>
    </ClInclude>
    <ClInclude Include="examples\image-scaling-irregular-grid\grid-flags.h">
      <Filter>Header Files</Filter>
    </ClInclude>
    <ClInclude Include="examples\renderer-stencil\renderer-stencil-shaders.h">
      <Filter>Header Files</Filter>
    </ClInclude>
    <ClInclude Include="examples\scripting\launcher.h">
      <Filter>Header Files</Filter>
    </ClInclude>
    <ClInclude Include="examples\simple-visuals-control\my-control-impl.h">
      <Filter>Header Files</Filter>
    </ClInclude>
    <ClInclude Include="examples\simple-visuals-control\my-control.h">
      <Filter>Header Files</Filter>
    </ClInclude>
    <ClInclude Include="examples\simple-visuals-control\simple-visuals-application.h">
      <Filter>Header Files</Filter>
    </ClInclude>
    <ClInclude Include="examples\sparkle\sparkle-effect.h">
      <Filter>Header Files</Filter>
    </ClInclude>
    <ClInclude Include="examples\styling\image-channel-control-impl.h">
      <Filter>Header Files</Filter>
    </ClInclude>
    <ClInclude Include="examples\styling\image-channel-control.h">
      <Filter>Header Files</Filter>
    </ClInclude>
    <ClInclude Include="examples\styling\styling-application.h">
      <Filter>Header Files</Filter>
    </ClInclude>
    <ClInclude Include="examples\text-label-emojis\emoji-strings.h">
      <Filter>Header Files</Filter>
    </ClInclude>
    <ClInclude Include="examples\transitions\shadow-button-impl.h">
      <Filter>Header Files</Filter>
    </ClInclude>
    <ClInclude Include="examples\transitions\shadow-button.h">
      <Filter>Header Files</Filter>
    </ClInclude>
    <ClInclude Include="examples\transitions\transition-application.h">
      <Filter>Header Files</Filter>
    </ClInclude>
    <ClInclude Include="examples\visual-transitions\beat-control-impl.h">
      <Filter>Header Files</Filter>
    </ClInclude>
    <ClInclude Include="examples\visual-transitions\beat-control.h">
      <Filter>Header Files</Filter>
    </ClInclude>
    <ClInclude Include="examples\visual-transitions\transition-application.h">
      <Filter>Header Files</Filter>
    </ClInclude>
    <ClInclude Include="shared\dali-demo-strings.h">
      <Filter>Header Files</Filter>
    </ClInclude>
    <ClInclude Include="shared\dali-table-view.h">
      <Filter>Header Files</Filter>
    </ClInclude>
    <ClInclude Include="shared\multi-language-strings.h">
      <Filter>Header Files</Filter>
    </ClInclude>
    <ClInclude Include="shared\utility.h">
      <Filter>Header Files</Filter>
    </ClInclude>
    <ClInclude Include="shared\view.h">
      <Filter>Header Files</Filter>
    </ClInclude>
  </ItemGroup>
  <ItemGroup>
    <None Include="build\tizen\cmakefiles\2.8.12.2\CMakeDetermineCompilerABI_C.bin">
      <Filter>Resource Files</Filter>
    </None>
    <None Include="build\tizen\cmakefiles\2.8.12.2\CMakeDetermineCompilerABI_CXX.bin">
      <Filter>Resource Files</Filter>
    </None>
  </ItemGroup>
  <ItemGroup>
    <ClCompile Include="main\main-example.cpp">
      <Filter>Source Files</Filter>
    </ClCompile>
  </ItemGroup>
</Project>